
Microsoft Visual Studio Solution File, Format Version 12.00
# Visual Studio 2012
# SharpDevelop 4.4
VisualStudioVersion = 12.0.21005.1
MinimumVisualStudioVersion = 10.0.40219.1
Project("{FAE04EC0-301F-11D3-BF4B-00C04F79EFBC}") = "PdfiumViewerMod", "PdfiumViewerMod\PdfiumViewerMod.csproj", "{D888690C-414A-413B-924B-4FEDAEA85D48}"
EndProject
Project("{FAE04EC0-301F-11D3-BF4B-00C04F79EFBC}") = "PdfiumViewerWPFSimple", "PdfiumViewerWPFSimple\PdfiumViewerWPFSimple.csproj", "{7A37FA5A-E3C8-42CF-993A-A173E6135A65}"
EndProject
Project("{FAE04EC0-301F-11D3-BF4B-00C04F79EFBC}") = "PdfiumViewerWinFormSimple", "PdfiumViewerWinFormSimple\PdfiumViewerWinFormSimple.csproj", "{41C40755-BF4C-489A-96CE-F82798FB1157}"
EndProject
Project("{FAE04EC0-301F-11D3-BF4B-00C04F79EFBC}") = "MoonPdfWPFSimple", "MoonPdfWPFSimple\MoonPdfWPFSimple.csproj", "{0709EEE7-C9B2-4049-AC39-F993E25D72B7}"
EndProject
Global
	GlobalSection(SolutionConfigurationPlatforms) = preSolution
		Debug|Any CPU = Debug|Any CPU
		Release|Any CPU = Release|Any CPU
	EndGlobalSection
	GlobalSection(ProjectConfigurationPlatforms) = postSolution
		{D888690C-414A-413B-924B-4FEDAEA85D48}.Debug|Any CPU.ActiveCfg = Debug|Any CPU
		{D888690C-414A-413B-924B-4FEDAEA85D48}.Debug|Any CPU.Build.0 = Debug|Any CPU
		{D888690C-414A-413B-924B-4FEDAEA85D48}.Release|Any CPU.ActiveCfg = Release|Any CPU
		{D888690C-414A-413B-924B-4FEDAEA85D48}.Release|Any CPU.Build.0 = Release|Any CPU
		{7A37FA5A-E3C8-42CF-993A-A173E6135A65}.Debug|Any CPU.ActiveCfg = Debug|Any CPU
		{7A37FA5A-E3C8-42CF-993A-A173E6135A65}.Debug|Any CPU.Build.0 = Debug|Any CPU
		{7A37FA5A-E3C8-42CF-993A-A173E6135A65}.Release|Any CPU.ActiveCfg = Release|Any CPU
		{7A37FA5A-E3C8-42CF-993A-A173E6135A65}.Release|Any CPU.Build.0 = Release|Any CPU
		{41C40755-BF4C-489A-96CE-F82798FB1157}.Debug|Any CPU.ActiveCfg = Debug|Any CPU
		{41C40755-BF4C-489A-96CE-F82798FB1157}.Debug|Any CPU.Build.0 = Debug|Any CPU
		{41C40755-BF4C-489A-96CE-F82798FB1157}.Release|Any CPU.ActiveCfg = Release|Any CPU
		{41C40755-BF4C-489A-96CE-F82798FB1157}.Release|Any CPU.Build.0 = Release|Any CPU
		{0709EEE7-C9B2-4049-AC39-F993E25D72B7}.Debug|Any CPU.Build.0 = Debug|Any CPU
		{0709EEE7-C9B2-4049-AC39-F993E25D72B7}.Debug|Any CPU.ActiveCfg = Debug|Any CPU
		{0709EEE7-C9B2-4049-AC39-F993E25D72B7}.Release|Any CPU.Build.0 = Release|Any CPU
		{0709EEE7-C9B2-4049-AC39-F993E25D72B7}.Release|Any CPU.ActiveCfg = Release|Any CPU
	EndGlobalSection
	GlobalSection(SolutionProperties) = preSolution
		HideSolutionNode = FALSE
	EndGlobalSection
	GlobalSection(Performance) = preSolution
		HasPerformanceSessions = true
	EndGlobalSection
EndGlobal
